PackratFormat: 1.4
PackratVersion: 0.5.0
RVersion: 4.0.1
Repos: CRAN=https://cran.rstudio.com/

Package: CircStats
Source: CRAN
Version: 0.2-6
Hash: 5c66200b4411fec9594603a74faeab86

Package: ade4
Source: CRAN
Version: 1.7-15
Hash: d7b8e5c65dfb05cf7c8da0ccfd667b1e
Requires: pixmap, sp

Package: adehabitatHR
Source: CRAN
Version: 0.4.18
Hash: 7d25564405d7d4910e4bf7a46027885b
Requires: ade4, adehabitatLT, adehabitatMA, deldir, sp

Package: adehabitatLT
Source: CRAN
Version: 0.3.25
Hash: 6e3e998cd38fe5cb6abc98b432fa46e4
Requires: CircStats, ade4, adehabitatMA, sp

Package: adehabitatMA
Source: CRAN
Version: 0.3.14
Hash: 88eeaebc1c7068b544ed1e5d7d9914df
Requires: filehash, sp

Package: data.table
Source: CRAN
Version: 1.12.8
Hash: 283ad0e503ab521300c6d1d02e58d2ae

Package: deldir
Source: CRAN
Version: 0.1-25
Hash: e4ce634ee727f361b26b93009cc49270

Package: filehash
Source: CRAN
Version: 2.4-2
Hash: bcc438113bce54420c286dfea8da479a

Package: igraph
Source: CRAN
Version: 1.2.5
Hash: 56cd6b00fa9864975f6678b4d1a46b50
Requires: magrittr, pkgconfig

Package: magrittr
Source: CRAN
Version: 1.5
Hash: bdc4d48c3135e8f3b399536ddf160df4

Package: packrat
Source: CRAN
Version: 0.5.0
Hash: 498643e765d1442ba7b1160a1df3abf9

Package: pixmap
Source: CRAN
Version: 0.4-11
Hash: 7fb7f9a871c381ec3a5b5799b4453faf

Package: pkgconfig
Source: CRAN
Version: 2.0.3
Hash: 5ff5f2361851a49534c96caa2a8071c7

Package: rgeos
Source: CRAN
Version: 0.5-3
Hash: 96ed34892db3595051ef33bab6726920
Requires: sp

Package: sp
Source: CRAN
Version: 1.4-2
Hash: ab46ea3720380f92c8d9f614a38fecfd

Package: spatsoc
Source: CRAN
Version: 0.1.13
Hash: 3f65a78b180cde473762f3ff8a0bb290
Requires: adehabitatHR, data.table, igraph, rgeos, sp
